// !$*UTF8*$!
{
	archiveVersion = 1;
	classes = {
	};
	objectVersion = 46;
	objects = {

/* Begin PBXBuildFile section */
		E81095BB190E059000E6319F /* TileView.m in Sources */ = {isa = PBXBuildFile; fileRef = E81095BA190E059000E6319F /* TileView.m */; };
		E81095BE190E2DB300E6319F /* GameBoardView.m in Sources */ = {isa = PBXBuildFile; fileRef = E81095BD190E2DB300E6319F /* GameBoardView.m */; };
		E81F3EAA191CABE600A21890 /* tile16.png in Resources */ = {isa = PBXBuildFile; fileRef = E81F3EA9191CABE600A21890 /* tile16.png */; };
		E8294A281923946500C80D62 /* CJPAdController.m in Sources */ = {isa = PBXBuildFile; fileRef = E8294A1B1923946500C80D62 /* CJPAdController.m */; };
		E8294A291923946600C80D62 /* libGoogleAdMobAds.a in Frameworks */ = {isa = PBXBuildFile; fileRef = E8294A261923946500C80D62 /* libGoogleAdMobAds.a */; };
		E8294A2A1923946600C80D62 /* README.txt in Resources */ = {isa = PBXBuildFile; fileRef = E8294A271923946500C80D62 /* README.txt */; };
		E8294A2C1923962D00C80D62 /* AdSupport.framework in Frameworks */ = {isa = PBXBuildFile; fileRef = E8294A2B1923962D00C80D62 /* AdSupport.framework */; };
		E8294A2E1923963500C80D62 /* iAd.framework in Frameworks */ = {isa = PBXBuildFile; fileRef = E8294A2D1923963400C80D62 /* iAd.framework */; };
		E8294A301923965600C80D62 /* AVFoundation.framework in Frameworks */ = {isa = PBXBuildFile; fileRef = E8294A2F1923965600C80D62 /* AVFoundation.framework */; };
		E8294A321923967500C80D62 /* CoreTelephony.framework in Frameworks */ = {isa = PBXBuildFile; fileRef = E8294A311923967500C80D62 /* CoreTelephony.framework */; };
		E8294A341923969800C80D62 /* MessageUI.framework in Frameworks */ = {isa = PBXBuildFile; fileRef = E8294A331923969800C80D62 /* MessageUI.framework */; };
		E833501519238373002B1257 /* GameTeachViewController.m in Sources */ = {isa = PBXBuildFile; fileRef = E833501419238373002B1257 /* GameTeachViewController.m */; };
		E833501919238B87002B1257 /* Localizable.strings in Resources */ = {isa = PBXBuildFile; fileRef = E833501719238B87002B1257 /* Localizable.strings */; };
		E8565E601915DDDD008F1271 /* GameRecordViewController.m in Sources */ = {isa = PBXBuildFile; fileRef = E8565E5F1915DDDD008F1271 /* GameRecordViewController.m */; };
		E8565E6419161359008F1271 /* GameKit.framework in Frameworks */ = {isa = PBXBuildFile; fileRef = E8565E6319161359008F1271 /* GameKit.framework */; };
		E8565E6619161364008F1271 /* SystemConfiguration.framework in Frameworks */ = {isa = PBXBuildFile; fileRef = E8565E6519161364008F1271 /* SystemConfiguration.framework */; };
		E8565E68191613EB008F1271 /* Security.framework in Frameworks */ = {isa = PBXBuildFile; fileRef = E8565E67191613EB008F1271 /* Security.framework */; };
		E85CD543190A3C69000F7447 /* Foundation.framework in Frameworks */ = {isa = PBXBuildFile; fileRef = E85CD542190A3C69000F7447 /* Foundation.framework */; };
		E85CD545190A3C69000F7447 /* CoreGraphics.framework in Frameworks */ = {isa = PBXBuildFile; fileRef = E85CD544190A3C69000F7447 /* CoreGraphics.framework */; };
		E85CD547190A3C69000F7447 /* UIKit.framework in Frameworks */ = {isa = PBXBuildFile; fileRef = E85CD546190A3C69000F7447 /* UIKit.framework */; };
		E85CD54D190A3C69000F7447 /* InfoPlist.strings in Resources */ = {isa = PBXBuildFile; fileRef = E85CD54B190A3C69000F7447 /* InfoPlist.strings */; };
		E85CD54F190A3C69000F7447 /* main.m in Sources */ = {isa = PBXBuildFile; fileRef = E85CD54E190A3C69000F7447 /* main.m */; };
		E85CD553190A3C69000F7447 /* AppDelegate.m in Sources */ = {isa = PBXBuildFile; fileRef = E85CD552190A3C69000F7447 /* AppDelegate.m */; };
		E85CD556190A3C69000F7447 /* Main_iPhone.storyboard in Resources */ = {isa = PBXBuildFile; fileRef = E85CD554190A3C69000F7447 /* Main_iPhone.storyboard */; };
		E85CD55E190A3C69000F7447 /* Images.xcassets in Resources */ = {isa = PBXBuildFile; fileRef = E85CD55D190A3C69000F7447 /* Images.xcassets */; };
		E85CD565190A3C69000F7447 /* XCTest.framework in Frameworks */ = {isa = PBXBuildFile; fileRef = E85CD564190A3C69000F7447 /* XCTest.framework */; };
		E85CD566190A3C69000F7447 /* Foundation.framework in Frameworks */ = {isa = PBXBuildFile; fileRef = E85CD542190A3C69000F7447 /* Foundation.framework */; };
		E85CD567190A3C69000F7447 /* UIKit.framework in Frameworks */ = {isa = PBXBuildFile; fileRef = E85CD546190A3C69000F7447 /* UIKit.framework */; };
		E85CD56F190A3C69000F7447 /* InfoPlist.strings in Resources */ = {isa = PBXBuildFile; fileRef = E85CD56D190A3C69000F7447 /* InfoPlist.strings */; };
		E85CD571190A3C69000F7447 /* NumberGameTests.m in Sources */ = {isa = PBXBuildFile; fileRef = E85CD570190A3C69000F7447 /* NumberGameTests.m */; };
		E85CD57C190A4093000F7447 /* GameViewController.m in Sources */ = {isa = PBXBuildFile; fileRef = E85CD57B190A4093000F7447 /* GameViewController.m */; };
		E85CD584190A4B98000F7447 /* GameModel.m in Sources */ = {isa = PBXBuildFile; fileRef = E85CD583190A4B98000F7447 /* GameModel.m */; };
		E8617E1A1919BE3500AA3DA4 /* GameCenterManager.m in Sources */ = {isa = PBXBuildFile; fileRef = E8617E151919BE3500AA3DA4 /* GameCenterManager.m */; };
		E8617E1B1919BE3500AA3DA4 /* GameCenterManager.m in Sources */ = {isa = PBXBuildFile; fileRef = E8617E151919BE3500AA3DA4 /* GameCenterManager.m */; };
		E8617E1C1919BE3500AA3DA4 /* NSDataAES256.m in Sources */ = {isa = PBXBuildFile; fileRef = E8617E171919BE3500AA3DA4 /* NSDataAES256.m */; };
		E8617E1D1919BE3500AA3DA4 /* NSDataAES256.m in Sources */ = {isa = PBXBuildFile; fileRef = E8617E171919BE3500AA3DA4 /* NSDataAES256.m */; };
		E8617E1E1919BE3500AA3DA4 /* Reachability.m in Sources */ = {isa = PBXBuildFile; fileRef = E8617E191919BE3500AA3DA4 /* Reachability.m */; };
		E8617E1F1919BE3500AA3DA4 /* Reachability.m in Sources */ = {isa = PBXBuildFile; fileRef = E8617E191919BE3500AA3DA4 /* Reachability.m */; };
		E8617E221919BF3200AA3DA4 /* GameSetUpViewController.m in Sources */ = {isa = PBXBuildFile; fileRef = E8617E211919BF3200AA3DA4 /* GameSetUpViewController.m */; };
		E8617E231919BF3200AA3DA4 /* GameSetUpViewController.m in Sources */ = {isa = PBXBuildFile; fileRef = E8617E211919BF3200AA3DA4 /* GameSetUpViewController.m */; };
		E881BADC191B16480081F1CC /* lost.mp3 in Resources */ = {isa = PBXBuildFile; fileRef = E881BADB191B16480081F1CC /* lost.mp3 */; };
		E8E61C02191A366C00BF1DD4 /* UIView+saveImageWithScale.m in Sources */ = {isa = PBXBuildFile; fileRef = E8E61C01191A366C00BF1DD4 /* UIView+saveImageWithScale.m */; };
		E8E61C04191A36EF00BF1DD4 /* QuartzCore.framework in Frameworks */ = {isa = PBXBuildFile; fileRef = E8E61C03191A36EF00BF1DD4 /* QuartzCore.framework */; };
		E8EC9C8B1919D512005385FC /* attach.mp3 in Resources */ = {isa = PBXBuildFile; fileRef = E8EC9C881919D512005385FC /* attach.mp3 */; };
		E8EC9C8C1919D512005385FC /* attach.mp3 in Resources */ = {isa = PBXBuildFile; fileRef = E8EC9C881919D512005385FC /* attach.mp3 */; };
		E8EC9C8D1919D512005385FC /* new_tile.mp3 in Resources */ = {isa = PBXBuildFile; fileRef = E8EC9C891919D512005385FC /* new_tile.mp3 */; };
		E8EC9C8E1919D512005385FC /* new_tile.mp3 in Resources */ = {isa = PBXBuildFile; fileRef = E8EC9C891919D512005385FC /* new_tile.mp3 */; };
		E8EC9C8F1919D512005385FC /* win.mp3 in Resources */ = {isa = PBXBuildFile; fileRef = E8EC9C8A1919D512005385FC /* win.mp3 */; };
		E8EC9C901919D512005385FC /* win.mp3 in Resources */ = {isa = PBXBuildFile; fileRef = E8EC9C8A1919D512005385FC /* win.mp3 */; };
		E8EC9C931919F2C4005385FC /* StoreKit.framework in Frameworks */ = {isa = PBXBuildFile; fileRef = E8EC9C921919F2C4005385FC /* StoreKit.framework */; };
		E8F0439E1910972F009DC378 /* GameEndViewController.m in Sources */ = {isa = PBXBuildFile; fileRef = E8F0439D1910972F009DC378 /* GameEndViewController.m */; };
/* End PBXBuildFile section */

/* Begin PBXContainerItemProxy section */
		E85CD568190A3C69000F7447 /* PBXContainerItemProxy */ = {
			isa = PBXContainerItemProxy;
			containerPortal = E85CD537190A3C69000F7447 /* Project object */;
			proxyType = 1;
			remoteGlobalIDString = E85CD53E190A3C69000F7447;
			remoteInfo = NumberGame;
		};
/* End PBXContainerItemProxy section */

/* Begin PBXFileReference section */
		E81095B9190E059000E6319F /* TileView.h */ = {isa = PBXFileReference; fileEncoding = 4; lastKnownFileType = sourcecode.c.h; path = TileView.h; sourceTree = "<group>"; };
		E81095BA190E059000E6319F /* TileView.m */ = {isa = PBXFileReference; fileEncoding = 4; lastKnownFileType = sourcecode.c.objc; path = TileView.m; sourceTree = "<group>"; };
		E81095BC190E2DB300E6319F /* GameBoardView.h */ = {isa = PBXFileReference; fileEncoding = 4; lastKnownFileType = sourcecode.c.h; path = GameBoardView.h; sourceTree = "<group>"; };
		E81095BD190E2DB300E6319F /* GameBoardView.m */ = {isa = PBXFileReference; fileEncoding = 4; lastKnownFileType = sourcecode.c.objc; path = GameBoardView.m; sourceTree = "<group>"; };
		E81F3EA9191CABE600A21890 /* tile16.png */ = {isa = PBXFileReference; lastKnownFileType = image.png; path = tile16.png; sourceTree = "<group>"; };
		E8294A1A1923946500C80D62 /* CJPAdController.h */ = {isa = PBXFileReference; fileEncoding = 4; lastKnownFileType = sourcecode.c.h; path = CJPAdController.h; sourceTree = "<group>"; };
		E8294A1B1923946500C80D62 /* CJPAdController.m */ = {isa = PBXFileReference; fileEncoding = 4; lastKnownFileType = sourcecode.c.objc; path = CJPAdController.m; sourceTree = "<group>"; };
		E8294A1D1923946500C80D62 /* GADAdMobExtras.h */ = {isa = PBXFileReference; fileEncoding = 4; lastKnownFileType = sourcecode.c.h; path = GADAdMobExtras.h; sourceTree = "<group>"; };
		E8294A1E1923946500C80D62 /* GADAdNetworkExtras.h */ = {isa = PBXFileReference; fileEncoding = 4; lastKnownFileType = sourcecode.c.h; path = GADAdNetworkExtras.h; sourceTree = "<group>"; };
		E8294A1F1923946500C80D62 /* GADAdSize.h */ = {isa = PBXFileReference; fileEncoding = 4; lastKnownFileType = sourcecode.c.h; path = GADAdSize.h; sourceTree = "<group>"; };
		E8294A201923946500C80D62 /* GADBannerView.h */ = {isa = PBXFileReference; fileEncoding = 4; lastKnownFileType = sourcecode.c.h; path = GADBannerView.h; sourceTree = "<group>"; };
		E8294A211923946500C80D62 /* GADBannerViewDelegate.h */ = {isa = PBXFileReference; fileEncoding = 4; lastKnownFileType = sourcecode.c.h; path = GADBannerViewDelegate.h; sourceTree = "<group>"; };
		E8294A221923946500C80D62 /* GADInterstitial.h */ = {isa = PBXFileReference; fileEncoding = 4; lastKnownFileType = sourcecode.c.h; path = GADInterstitial.h; sourceTree = "<group>"; };
		E8294A231923946500C80D62 /* GADInterstitialDelegate.h */ = {isa = PBXFileReference; fileEncoding = 4; lastKnownFileType = sourcecode.c.h; path = GADInterstitialDelegate.h; sourceTree = "<group>"; };
		E8294A241923946500C80D62 /* GADRequest.h */ = {isa = PBXFileReference; fileEncoding = 4; lastKnownFileType = sourcecode.c.h; path = GADRequest.h; sourceTree = "<group>"; };
		E8294A251923946500C80D62 /* GADRequestError.h */ = {isa = PBXFileReference; fileEncoding = 4; lastKnownFileType = sourcecode.c.h; path = GADRequestError.h; sourceTree = "<group>"; };
		E8294A261923946500C80D62 /* libGoogleAdMobAds.a */ = {isa = PBXFileReference; lastKnownFileType = archive.ar; path = libGoogleAdMobAds.a; sourceTree = "<group>"; };
		E8294A271923946500C80D62 /* README.txt */ = {isa = PBXFileReference; fileEncoding = 4; lastKnownFileType = text; path = README.txt; sourceTree = "<group>"; };
		E8294A2B1923962D00C80D62 /* AdSupport.framework */ = {isa = PBXFileReference; lastKnownFileType = wrapper.framework; name = AdSupport.framework; path = System/Library/Frameworks/AdSupport.framework; sourceTree = SDKROOT; };
		E8294A2D1923963400C80D62 /* iAd.framework */ = {isa = PBXFileReference; lastKnownFileType = wrapper.framework; name = iAd.framework; path = System/Library/Frameworks/iAd.framework; sourceTree = SDKROOT; };
		E8294A2F1923965600C80D62 /* AVFoundation.framework */ = {isa = PBXFileReference; lastKnownFileType = wrapper.framework; name = AVFoundation.framework; path = System/Library/Frameworks/AVFoundation.framework; sourceTree = SDKROOT; };
		E8294A311923967500C80D62 /* CoreTelephony.framework */ = {isa = PBXFileReference; lastKnownFileType = wrapper.framework; name = CoreTelephony.framework; path = System/Library/Frameworks/CoreTelephony.framework; sourceTree = SDKROOT; };
		E8294A331923969800C80D62 /* MessageUI.framework */ = {isa = PBXFileReference; lastKnownFileType = wrapper.framework; name = MessageUI.framework; path = System/Library/Frameworks/MessageUI.framework; sourceTree = SDKROOT; };
		E833501319238373002B1257 /* GameTeachViewController.h */ = {isa = PBXFileReference; fileEncoding = 4; lastKnownFileType = sourcecode.c.h; path = GameTeachViewController.h; sourceTree = "<group>"; };
		E833501419238373002B1257 /* GameTeachViewController.m */ = {isa = PBXFileReference; fileEncoding = 4; lastKnownFileType = sourcecode.c.objc; path = GameTeachViewController.m; sourceTree = "<group>"; };
		E83350161923892A002B1257 /* zh-Hans */ = {isa = PBXFileReference; lastKnownFileType = text.plist.strings; name = "zh-Hans"; path = "zh-Hans.lproj/Main_iPhone.strings"; sourceTree = "<group>"; };
		E833501819238B87002B1257 /* zh-Hans */ = {isa = PBXFileReference; lastKnownFileType = text.plist.strings; name = "zh-Hans"; path = "zh-Hans.lproj/Localizable.strings"; sourceTree = "<group>"; };
		E833501A19238BA6002B1257 /* en */ = {isa = PBXFileReference; lastKnownFileType = text.plist.strings; name = en; path = en.lproj/Localizable.strings; sourceTree = "<group>"; };
		E8565E5E1915DDDD008F1271 /* GameRecordViewController.h */ = {isa = PBXFileReference; fileEncoding = 4; lastKnownFileType = sourcecode.c.h; path = GameRecordViewController.h; sourceTree = "<group>"; };
		E8565E5F1915DDDD008F1271 /* GameRecordViewController.m */ = {isa = PBXFileReference; fileEncoding = 4; lastKnownFileType = sourcecode.c.objc; path = GameRecordViewController.m; sourceTree = "<group>"; };
		E8565E6319161359008F1271 /* GameKit.framework */ = {isa = PBXFileReference; lastKnownFileType = wrapper.framework; name = GameKit.framework; path = System/Library/Frameworks/GameKit.framework; sourceTree = SDKROOT; };
		E8565E6519161364008F1271 /* SystemConfiguration.framework */ = {isa = PBXFileReference; lastKnownFileType = wrapper.framework; name = SystemConfiguration.framework; path = System/Library/Frameworks/SystemConfiguration.framework; sourceTree = SDKROOT; };
		E8565E67191613EB008F1271 /* Security.framework */ = {isa = PBXFileReference; lastKnownFileType = wrapper.framework; name = Security.framework; path = System/Library/Frameworks/Security.framework; sourceTree = SDKROOT; };
		E85CD53F190A3C69000F7447 /* NumberGame.app */ = {isa = PBXFileReference; explicitFileType = wrapper.application; includeInIndex = 0; path = NumberGame.app; sourceTree = BUILT_PRODUCTS_DIR; };
		E85CD542190A3C69000F7447 /* Foundation.framework */ = {isa = PBXFileReference; lastKnownFileType = wrapper.framework; name = Foundation.framework; path = System/Library/Frameworks/Foundation.framework; sourceTree = SDKROOT; };
		E85CD544190A3C69000F7447 /* CoreGraphics.framework */ = {isa = PBXFileReference; lastKnownFileType = wrapper.framework; name = CoreGraphics.framework; path = System/Library/Frameworks/CoreGraphics.framework; sourceTree = SDKROOT; };
		E85CD546190A3C69000F7447 /* UIKit.framework */ = {isa = PBXFileReference; lastKnownFileType = wrapper.framework; name = UIKit.framework; path = System/Library/Frameworks/UIKit.framework; sourceTree = SDKROOT; };
		E85CD54A190A3C69000F7447 /* NumberGame-Info.plist */ = {isa = PBXFileReference; lastKnownFileType = text.plist.xml; path = "NumberGame-Info.plist"; sourceTree = "<group>"; };
		E85CD54C190A3C69000F7447 /* en */ = {isa = PBXFileReference; lastKnownFileType = text.plist.strings; name = en; path = en.lproj/InfoPlist.strings; sourceTree = "<group>"; };
		E85CD54E190A3C69000F7447 /* main.m */ = {isa = PBXFileReference; lastKnownFileType = sourcecode.c.objc; path = main.m; sourceTree = "<group>"; };
		E85CD550190A3C69000F7447 /* NumberGame-Prefix.pch */ = {isa = PBXFileReference; lastKnownFileType = sourcecode.c.h; path = "NumberGame-Prefix.pch"; sourceTree = "<group>"; };
		E85CD551190A3C69000F7447 /* AppDelegate.h */ = {isa = PBXFileReference; lastKnownFileType = sourcecode.c.h; path = AppDelegate.h; sourceTree = "<group>"; };
		E85CD552190A3C69000F7447 /* AppDelegate.m */ = {isa = PBXFileReference; lastKnownFileType = sourcecode.c.objc; path = AppDelegate.m; sourceTree = "<group>"; };
		E85CD555190A3C69000F7447 /* Base */ = {isa = PBXFileReference; lastKnownFileType = file.storyboard; name = Base; path = Base.lproj/Main_iPhone.storyboard; sourceTree = "<group>"; };
		E85CD55D190A3C69000F7447 /* Images.xcassets */ = {isa = PBXFileReference; lastKnownFileType = folder.assetcatalog; path = Images.xcassets; sourceTree = "<group>"; };
		E85CD563190A3C69000F7447 /* NumberGameTests.xctest */ = {isa = PBXFileReference; explicitFileType = wrapper.cfbundle; includeInIndex = 0; path = NumberGameTests.xctest; sourceTree = BUILT_PRODUCTS_DIR; };
		E85CD564190A3C69000F7447 /* XCTest.framework */ = {isa = PBXFileReference; lastKnownFileType = wrapper.framework; name = XCTest.framework; path = Library/Frameworks/XCTest.framework; sourceTree = DEVELOPER_DIR; };
		E85CD56C190A3C69000F7447 /* NumberGameTests-Info.plist */ = {isa = PBXFileReference; lastKnownFileType = text.plist.xml; path = "NumberGameTests-Info.plist"; sourceTree = "<group>"; };
		E85CD56E190A3C69000F7447 /* en */ = {isa = PBXFileReference; lastKnownFileType = text.plist.strings; name = en; path = en.lproj/InfoPlist.strings; sourceTree = "<group>"; };
		E85CD570190A3C69000F7447 /* NumberGameTests.m */ = {isa = PBXFileReference; lastKnownFileType = sourcecode.c.objc; path = NumberGameTests.m; sourceTree = "<group>"; };
		E85CD57A190A4093000F7447 /* GameViewController.h */ = {isa = PBXFileReference; fileEncoding = 4; lastKnownFileType = sourcecode.c.h; path = GameViewController.h; sourceTree = "<group>"; };
		E85CD57B190A4093000F7447 /* GameViewController.m */ = {isa = PBXFileReference; fileEncoding = 4; lastKnownFileType = sourcecode.c.objc; path = GameViewController.m; sourceTree = "<group>"; };
		E85CD582190A4B98000F7447 /* GameModel.h */ = {isa = PBXFileReference; fileEncoding = 4; lastKnownFileType = sourcecode.c.h; path = GameModel.h; sourceTree = "<group>"; };
		E85CD583190A4B98000F7447 /* GameModel.m */ = {isa = PBXFileReference; fileEncoding = 4; lastKnownFileType = sourcecode.c.objc; path = GameModel.m; sourceTree = "<group>"; };
		E8617E141919BE3500AA3DA4 /* GameCenterManager.h */ = {isa = PBXFileReference; fileEncoding = 4; lastKnownFileType = sourcecode.c.h; path = GameCenterManager.h; sourceTree = "<group>"; };
		E8617E151919BE3500AA3DA4 /* GameCenterManager.m */ = {isa = PBXFileReference; fileEncoding = 4; lastKnownFileType = sourcecode.c.objc; path = GameCenterManager.m; sourceTree = "<group>"; };
		E8617E161919BE3500AA3DA4 /* NSDataAES256.h */ = {isa = PBXFileReference; fileEncoding = 4; lastKnownFileType = sourcecode.c.h; path = NSDataAES256.h; sourceTree = "<group>"; };
		E8617E171919BE3500AA3DA4 /* NSDataAES256.m */ = {isa = PBXFileReference; fileEncoding = 4; lastKnownFileType = sourcecode.c.objc; path = NSDataAES256.m; sourceTree = "<group>"; };
		E8617E181919BE3500AA3DA4 /* Reachability.h */ = {isa = PBXFileReference; fileEncoding = 4; lastKnownFileType = sourcecode.c.h; path = Reachability.h; sourceTree = "<group>"; };
		E8617E191919BE3500AA3DA4 /* Reachability.m */ = {isa = PBXFileReference; fileEncoding = 4; lastKnownFileType = sourcecode.c.objc; path = Reachability.m; sourceTree = "<group>"; };
		E8617E201919BF3200AA3DA4 /* GameSetUpViewController.h */ = {isa = PBXFileReference; fileEncoding = 4; lastKnownFileType = sourcecode.c.h; path = GameSetUpViewController.h; sourceTree = "<group>"; };
		E8617E211919BF3200AA3DA4 /* GameSetUpViewController.m */ = {isa = PBXFileReference; fileEncoding = 4; lastKnownFileType = sourcecode.c.objc; path = GameSetUpViewController.m; sourceTree = "<group>"; };
		E881BADB191B16480081F1CC /* lost.mp3 */ = {isa = PBXFileReference; lastKnownFileType = audio.mp3; path = lost.mp3; sourceTree = "<group>"; };
		E8E61C00191A366C00BF1DD4 /* UIView+saveImageWithScale.h */ = {isa = PBXFileReference; fileEncoding = 4; lastKnownFileType = sourcecode.c.h; name = "UIView+saveImageWithScale.h"; path = "NumberGame/UIView+saveImageWithScale.h"; sourceTree = "<group>"; };
		E8E61C01191A366C00BF1DD4 /* UIView+saveImageWithScale.m */ = {isa = PBXFileReference; fileEncoding = 4; lastKnownFileType = sourcecode.c.objc; name = "UIView+saveImageWithScale.m"; path = "NumberGame/UIView+saveImageWithScale.m"; sourceTree = "<group>"; };
		E8E61C03191A36EF00BF1DD4 /* QuartzCore.framework */ = {isa = PBXFileReference; lastKnownFileType = wrapper.framework; name = QuartzCore.framework; path = System/Library/Frameworks/QuartzCore.framework; sourceTree = SDKROOT; };
		E8EC9C881919D512005385FC /* attach.mp3 */ = {isa = PBXFileReference; lastKnownFileType = audio.mp3; path = attach.mp3; sourceTree = "<group>"; };
		E8EC9C891919D512005385FC /* new_tile.mp3 */ = {isa = PBXFileReference; lastKnownFileType = audio.mp3; path = new_tile.mp3; sourceTree = "<group>"; };
		E8EC9C8A1919D512005385FC /* win.mp3 */ = {isa = PBXFileReference; lastKnownFileType = audio.mp3; path = win.mp3; sourceTree = "<group>"; };
		E8EC9C921919F2C4005385FC /* StoreKit.framework */ = {isa = PBXFileReference; lastKnownFileType = wrapper.framework; name = StoreKit.framework; path = System/Library/Frameworks/StoreKit.framework; sourceTree = SDKROOT; };
		E8F0439C1910972F009DC378 /* GameEndViewController.h */ = {isa = PBXFileReference; fileEncoding = 4; lastKnownFileType = sourcecode.c.h; path = GameEndViewController.h; sourceTree = "<group>"; };
		E8F0439D1910972F009DC378 /* GameEndViewController.m */ = {isa = PBXFileReference; fileEncoding = 4; lastKnownFileType = sourcecode.c.objc; path = GameEndViewController.m; sourceTree = "<group>"; };
/* End PBXFileReference section */

/* Begin PBXFrameworksBuildPhase section */
		E85CD53C190A3C69000F7447 /* Frameworks */ = {
			isa = PBXFrameworksBuildPhase;
			buildActionMask = 2147483647;
			files = (
				E8294A341923969800C80D62 /* MessageUI.framework in Frameworks */,
				E8294A321923967500C80D62 /* CoreTelephony.framework in Frameworks */,
				E8294A301923965600C80D62 /* AVFoundation.framework in Frameworks */,
				E8294A2E1923963500C80D62 /* iAd.framework in Frameworks */,
				E8294A2C1923962D00C80D62 /* AdSupport.framework in Frameworks */,
				E8E61C04191A36EF00BF1DD4 /* QuartzCore.framework in Frameworks */,
				E8EC9C931919F2C4005385FC /* StoreKit.framework in Frameworks */,
				E8294A291923946600C80D62 /* libGoogleAdMobAds.a in Frameworks */,
				E8565E68191613EB008F1271 /* Security.framework in Frameworks */,
				E8565E6619161364008F1271 /* SystemConfiguration.framework in Frameworks */,
				E8565E6419161359008F1271 /* GameKit.framework in Frameworks */,
				E85CD545190A3C69000F7447 /* CoreGraphics.framework in Frameworks */,
				E85CD547190A3C69000F7447 /* UIKit.framework in Frameworks */,
				E85CD543190A3C69000F7447 /* Foundation.framework in Frameworks */,
			);
			runOnlyForDeploymentPostprocessing = 0;
		};
		E85CD560190A3C69000F7447 /* Frameworks */ = {
			isa = PBXFrameworksBuildPhase;
			buildActionMask = 2147483647;
			files = (
				E85CD565190A3C69000F7447 /* XCTest.framework in Frameworks */,
				E85CD567190A3C69000F7447 /* UIKit.framework in Frameworks */,
				E85CD566190A3C69000F7447 /* Foundation.framework in Frameworks */,
			);
			runOnlyForDeploymentPostprocessing = 0;
		};
/* End PBXFrameworksBuildPhase section */

/* Begin PBXGroup section */
		E81F3EA6191C803600A21890 /* Category */ = {
			isa = PBXGroup;
			children = (
				E8E61C00191A366C00BF1DD4 /* UIView+saveImageWithScale.h */,
				E8E61C01191A366C00BF1DD4 /* UIView+saveImageWithScale.m */,
			);
			name = Category;
			path = ..;
			sourceTree = "<group>";
		};
		E81F3EA7191C80BD00A21890 /* Model */ = {
			isa = PBXGroup;
			children = (
				E85CD582190A4B98000F7447 /* GameModel.h */,
				E85CD583190A4B98000F7447 /* GameModel.m */,
				E81095B9190E059000E6319F /* TileView.h */,
				E81095BA190E059000E6319F /* TileView.m */,
				E81095BC190E2DB300E6319F /* GameBoardView.h */,
				E81095BD190E2DB300E6319F /* GameBoardView.m */,
			);
			name = Model;
			sourceTree = "<group>";
		};
		E81F3EA8191C812B00A21890 /* Lib */ = {
			isa = PBXGroup;
			children = (
				E8617E131919BE3500AA3DA4 /* GC Manager */,
			);
			name = Lib;
			sourceTree = "<group>";
		};
		E8294A191923946500C80D62 /* CJPAdController */ = {
			isa = PBXGroup;
			children = (
				E8294A1A1923946500C80D62 /* CJPAdController.h */,
				E8294A1B1923946500C80D62 /* CJPAdController.m */,
			);
			path = CJPAdController;
			sourceTree = "<group>";
		};
		E8294A1C1923946500C80D62 /* GoogleAdMobAdsSdk */ = {
			isa = PBXGroup;
			children = (
				E8294A1D1923946500C80D62 /* GADAdMobExtras.h */,
				E8294A1E1923946500C80D62 /* GADAdNetworkExtras.h */,
				E8294A1F1923946500C80D62 /* GADAdSize.h */,
				E8294A201923946500C80D62 /* GADBannerView.h */,
				E8294A211923946500C80D62 /* GADBannerViewDelegate.h */,
				E8294A221923946500C80D62 /* GADInterstitial.h */,
				E8294A231923946500C80D62 /* GADInterstitialDelegate.h */,
				E8294A241923946500C80D62 /* GADRequest.h */,
				E8294A251923946500C80D62 /* GADRequestError.h */,
				E8294A261923946500C80D62 /* libGoogleAdMobAds.a */,
				E8294A271923946500C80D62 /* README.txt */,
			);
			path = GoogleAdMobAdsSdk;
			sourceTree = "<group>";
		};
		E85CD536190A3C69000F7447 = {
			isa = PBXGroup;
			children = (
				E85CD548190A3C69000F7447 /* NumberGame */,
				E85CD56A190A3C69000F7447 /* NumberGameTests */,
				E85CD541190A3C69000F7447 /* Frameworks */,
				E85CD540190A3C69000F7447 /* Products */,
			);
			sourceTree = "<group>";
		};
		E85CD540190A3C69000F7447 /* Products */ = {
			isa = PBXGroup;
			children = (
				E85CD53F190A3C69000F7447 /* NumberGame.app */,
				E85CD563190A3C69000F7447 /* NumberGameTests.xctest */,
			);
			name = Products;
			sourceTree = "<group>";
		};
		E85CD541190A3C69000F7447 /* Frameworks */ = {
			isa = PBXGroup;
			children = (
				E8294A331923969800C80D62 /* MessageUI.framework */,
				E8294A311923967500C80D62 /* CoreTelephony.framework */,
				E8294A2F1923965600C80D62 /* AVFoundation.framework */,
				E8294A2D1923963400C80D62 /* iAd.framework */,
				E8294A2B1923962D00C80D62 /* AdSupport.framework */,
				E8E61C03191A36EF00BF1DD4 /* QuartzCore.framework */,
				E8EC9C921919F2C4005385FC /* StoreKit.framework */,
				E8565E67191613EB008F1271 /* Security.framework */,
				E8565E6519161364008F1271 /* SystemConfiguration.framework */,
				E8565E6319161359008F1271 /* GameKit.framework */,
				E85CD542190A3C69000F7447 /* Foundation.framework */,
				E85CD544190A3C69000F7447 /* CoreGraphics.framework */,
				E85CD546190A3C69000F7447 /* UIKit.framework */,
				E85CD564190A3C69000F7447 /* XCTest.framework */,
			);
			name = Frameworks;
			sourceTree = "<group>";
		};
		E85CD548190A3C69000F7447 /* NumberGame */ = {
			isa = PBXGroup;
			children = (
				E8294A191923946500C80D62 /* CJPAdController */,
				E8294A1C1923946500C80D62 /* GoogleAdMobAdsSdk */,
				E85CD554190A3C69000F7447 /* Main_iPhone.storyboard */,
				E85CD57D190A44B9000F7447 /* Controllers */,
				E81F3EA7191C80BD00A21890 /* Model */,
				E81F3EA6191C803600A21890 /* Category */,
				E81F3EA8191C812B00A21890 /* Lib */,
				E8EC9C911919D51E005385FC /* Resources */,
				E85CD549190A3C69000F7447 /* Supporting Files */,
				E85CD55D190A3C69000F7447 /* Images.xcassets */,
			);
			path = NumberGame;
			sourceTree = "<group>";
		};
		E85CD549190A3C69000F7447 /* Supporting Files */ = {
			isa = PBXGroup;
			children = (
				E833501719238B87002B1257 /* Localizable.strings */,
				E85CD551190A3C69000F7447 /* AppDelegate.h */,
				E85CD552190A3C69000F7447 /* AppDelegate.m */,
				E85CD54A190A3C69000F7447 /* NumberGame-Info.plist */,
				E85CD54B190A3C69000F7447 /* InfoPlist.strings */,
				E85CD54E190A3C69000F7447 /* main.m */,
				E85CD550190A3C69000F7447 /* NumberGame-Prefix.pch */,
			);
			name = "Supporting Files";
			sourceTree = "<group>";
		};
		E85CD56A190A3C69000F7447 /* NumberGameTests */ = {
			isa = PBXGroup;
			children = (
				E85CD570190A3C69000F7447 /* NumberGameTests.m */,
				E85CD56B190A3C69000F7447 /* Supporting Files */,
			);
			path = NumberGameTests;
			sourceTree = "<group>";
		};
		E85CD56B190A3C69000F7447 /* Supporting Files */ = {
			isa = PBXGroup;
			children = (
				E85CD56C190A3C69000F7447 /* NumberGameTests-Info.plist */,
				E85CD56D190A3C69000F7447 /* InfoPlist.strings */,
			);
			name = "Supporting Files";
			sourceTree = "<group>";
		};
		E85CD57D190A44B9000F7447 /* Controllers */ = {
			isa = PBXGroup;
			children = (
				E8565E5E1915DDDD008F1271 /* GameRecordViewController.h */,
				E8565E5F1915DDDD008F1271 /* GameRecordViewController.m */,
				E85CD57A190A4093000F7447 /* GameViewController.h */,
				E85CD57B190A4093000F7447 /* GameViewController.m */,
				E8F0439C1910972F009DC378 /* GameEndViewController.h */,
				E8F0439D1910972F009DC378 /* GameEndViewController.m */,
				E8617E201919BF3200AA3DA4 /* GameSetUpViewController.h */,
				E8617E211919BF3200AA3DA4 /* GameSetUpViewController.m */,
				E833501319238373002B1257 /* GameTeachViewController.h */,
				E833501419238373002B1257 /* GameTeachViewController.m */,
			);
			name = Controllers;
			sourceTree = "<group>";
		};
		E8617E131919BE3500AA3DA4 /* GC Manager */ = {
			isa = PBXGroup;
			children = (
				E8617E141919BE3500AA3DA4 /* GameCenterManager.h */,
				E8617E151919BE3500AA3DA4 /* GameCenterManager.m */,
				E8617E161919BE3500AA3DA4 /* NSDataAES256.h */,
				E8617E171919BE3500AA3DA4 /* NSDataAES256.m */,
				E8617E181919BE3500AA3DA4 /* Reachability.h */,
				E8617E191919BE3500AA3DA4 /* Reachability.m */,
			);
			path = "GC Manager";
			sourceTree = "<group>";
		};
		E8EC9C911919D51E005385FC /* Resources */ = {
			isa = PBXGroup;
			children = (
				E81F3EA9191CABE600A21890 /* tile16.png */,
				E8EC9C881919D512005385FC /* attach.mp3 */,
				E881BADB191B16480081F1CC /* lost.mp3 */,
				E8EC9C891919D512005385FC /* new_tile.mp3 */,
				E8EC9C8A1919D512005385FC /* win.mp3 */,
			);
			name = Resources;
			sourceTree = "<group>";
		};
/* End PBXGroup section */

/* Begin PBXNativeTarget section */
		E85CD53E190A3C69000F7447 /* NumberGame */ = {
			isa = PBXNativeTarget;
			buildConfigurationList = E85CD574190A3C69000F7447 /* Build configuration list for PBXNativeTarget "NumberGame" */;
			buildPhases = (
				E85CD53B190A3C69000F7447 /* Sources */,
				E85CD53C190A3C69000F7447 /* Frameworks */,
				E85CD53D190A3C69000F7447 /* Resources */,
			);
			buildRules = (
			);
			dependencies = (
			);
			name = NumberGame;
			productName = NumberGame;
			productReference = E85CD53F190A3C69000F7447 /* NumberGame.app */;
			productType = "com.apple.product-type.application";
		};
		E85CD562190A3C69000F7447 /* NumberGameTests */ = {
			isa = PBXNativeTarget;
			buildConfigurationList = E85CD577190A3C69000F7447 /* Build configuration list for PBXNativeTarget "NumberGameTests" */;
			buildPhases = (
				E85CD55F190A3C69000F7447 /* Sources */,
				E85CD560190A3C69000F7447 /* Frameworks */,
				E85CD561190A3C69000F7447 /* Resources */,
			);
			buildRules = (
			);
			dependencies = (
				E85CD569190A3C69000F7447 /* PBXTargetDependency */,
			);
			name = NumberGameTests;
			productName = NumberGameTests;
			productReference = E85CD563190A3C69000F7447 /* NumberGameTests.xctest */;
			productType = "com.apple.product-type.bundle.unit-test";
		};
/* End PBXNativeTarget section */

/* Begin PBXProject section */
		E85CD537190A3C69000F7447 /* Project object */ = {
			isa = PBXProject;
			attributes = {
				LastUpgradeCheck = 0510;
				ORGANIZATIONNAME = AlenChang;
				TargetAttributes = {
					E85CD53E190A3C69000F7447 = {
						DevelopmentTeam = C3XL98LRX8;
					};
					E85CD562190A3C69000F7447 = {
						TestTargetID = E85CD53E190A3C69000F7447;
					};
				};
			};
			buildConfigurationList = E85CD53A190A3C69000F7447 /* Build configuration list for PBXProject "NumberGame" */;
			compatibilityVersion = "Xcode 3.2";
			developmentRegion = English;
			hasScannedForEncodings = 0;
			knownRegions = (
				en,
				Base,
				"zh-Hans",
			);
			mainGroup = E85CD536190A3C69000F7447;
			productRefGroup = E85CD540190A3C69000F7447 /* Products */;
			projectDirPath = "";
			projectRoot = "";
			targets = (
				E85CD53E190A3C69000F7447 /* NumberGame */,
				E85CD562190A3C69000F7447 /* NumberGameTests */,
			);
		};
/* End PBXProject section */

/* Begin PBXResourcesBuildPhase section */
		E85CD53D190A3C69000F7447 /* Resources */ = {
			isa = PBXResourcesBuildPhase;
			buildActionMask = 2147483647;
			files = (
				E8EC9C8D1919D512005385FC /* new_tile.mp3 in Resources */,
				E881BADC191B16480081F1CC /* lost.mp3 in Resources */,
				E81F3EAA191CABE600A21890 /* tile16.png in Resources */,
				E8EC9C8F1919D512005385FC /* win.mp3 in Resources */,
				E8294A2A1923946600C80D62 /* README.txt in Resources */,
				E833501919238B87002B1257 /* Localizable.strings in Resources */,
				E85CD55E190A3C69000F7447 /* Images.xcassets in Resources */,
				E85CD556190A3C69000F7447 /* Main_iPhone.storyboard in Resources */,
				E8EC9C8B1919D512005385FC /* attach.mp3 in Resources */,
				E85CD54D190A3C69000F7447 /* InfoPlist.strings in Resources */,
			);
			runOnlyForDeploymentPostprocessing = 0;
		};
		E85CD561190A3C69000F7447 /* Resources */ = {
			isa = PBXResourcesBuildPhase;
			buildActionMask = 2147483647;
			files = (
				E85CD56F190A3C69000F7447 /* InfoPlist.strings in Resources */,
				E8EC9C8E1919D512005385FC /* new_tile.mp3 in Resources */,
				E8EC9C8C1919D512005385FC /* attach.mp3 in Resources */,
				E8EC9C901919D512005385FC /* win.mp3 in Resources */,
			);
			runOnlyForDeploymentPostprocessing = 0;
		};
/* End PBXResourcesBuildPhase section */

/* Begin PBXSourcesBuildPhase section */
		E85CD53B190A3C69000F7447 /* Sources */ = {
			isa = PBXSourcesBuildPhase;
			buildActionMask = 2147483647;
			files = (
				E8617E1C1919BE3500AA3DA4 /* NSDataAES256.m in Sources */,
				E85CD553190A3C69000F7447 /* AppDelegate.m in Sources */,
				E81095BE190E2DB300E6319F /* GameBoardView.m in Sources */,
				E8E61C02191A366C00BF1DD4 /* UIView+saveImageWithScale.m in Sources */,
				E8F0439E1910972F009DC378 /* GameEndViewController.m in Sources */,
				E85CD57C190A4093000F7447 /* GameViewController.m in Sources */,
				E833501519238373002B1257 /* GameTeachViewController.m in Sources */,
				E8617E221919BF3200AA3DA4 /* GameSetUpViewController.m in Sources */,
				E81095BB190E059000E6319F /* TileView.m in Sources */,
				E8565E601915DDDD008F1271 /* GameRecordViewController.m in Sources */,
				E8294A281923946500C80D62 /* CJPAdController.m in Sources */,
				E8617E1A1919BE3500AA3DA4 /* GameCenterManager.m in Sources */,
				E85CD584190A4B98000F7447 /* GameModel.m in Sources */,
				E85CD54F190A3C69000F7447 /* main.m in Sources */,
				E8617E1E1919BE3500AA3DA4 /* Reachability.m in Sources */,
			);
			runOnlyForDeploymentPostprocessing = 0;
		};
		E85CD55F190A3C69000F7447 /* Sources */ = {
			isa = PBXSourcesBuildPhase;
			buildActionMask = 2147483647;
			files = (
				E8617E1D1919BE3500AA3DA4 /* NSDataAES256.m in Sources */,
				E8617E1B1919BE3500AA3DA4 /* GameCenterManager.m in Sources */,
				E8617E231919BF3200AA3DA4 /* GameSetUpViewController.m in Sources */,
				E8617E1F1919BE3500AA3DA4 /* Reachability.m in Sources */,
				E85CD571190A3C69000F7447 /* NumberGameTests.m in Sources */,
			);
			runOnlyForDeploymentPostprocessing = 0;
		};
/* End PBXSourcesBuildPhase section */

/* Begin PBXTargetDependency section */
		E85CD569190A3C69000F7447 /* PBXTargetDependency */ = {
			isa = PBXTargetDependency;
			target = E85CD53E190A3C69000F7447 /* NumberGame */;
			targetProxy = E85CD568190A3C69000F7447 /* PBXContainerItemProxy */;
		};
/* End PBXTargetDependency section */

/* Begin PBXVariantGroup section */
		E833501719238B87002B1257 /* Localizable.strings */ = {
			isa = PBXVariantGroup;
			children = (
				E833501819238B87002B1257 /* zh-Hans */,
				E833501A19238BA6002B1257 /* en */,
			);
			name = Localizable.strings;
			sourceTree = "<group>";
		};
		E85CD54B190A3C69000F7447 /* InfoPlist.strings */ = {
			isa = PBXVariantGroup;
			children = (
				E85CD54C190A3C69000F7447 /* en */,
			);
			name = InfoPlist.strings;
			sourceTree = "<group>";
		};
		E85CD554190A3C69000F7447 /* Main_iPhone.storyboard */ = {
			isa = PBXVariantGroup;
			children = (
				E85CD555190A3C69000F7447 /* Base */,
				E83350161923892A002B1257 /* zh-Hans */,
			);
			name = Main_iPhone.storyboard;
			sourceTree = "<group>";
		};
		E85CD56D190A3C69000F7447 /* InfoPlist.strings */ = {
			isa = PBXVariantGroup;
			children = (
				E85CD56E190A3C69000F7447 /* en */,
			);
			name = InfoPlist.strings;
			sourceTree = "<group>";
		};
/* End PBXVariantGroup section */

/* Begin XCBuildConfiguration section */
		E85CD572190A3C69000F7447 /* Debug */ = {
			isa = XCBuildConfiguration;
			buildSettings = {
				ALWAYS_SEARCH_USER_PATHS = NO;
				CLANG_CXX_LANGUAGE_STANDARD = "gnu++0x";
				CLANG_CXX_LIBRARY = "libc++";
				CLANG_ENABLE_MODULES = YES;
				CLANG_ENABLE_OBJC_ARC = YES;
				CLANG_WARN_BOOL_CONVERSION = YES;
				CLANG_WARN_CONSTANT_CONVERSION = YES;
				CLANG_WARN_DIRECT_OBJC_ISA_USAGE = YES_ERROR;
				CLANG_WARN_EMPTY_BODY = YES;
				CLANG_WARN_ENUM_CONVERSION = YES;
				CLANG_WARN_INT_CONVERSION = YES;
				CLANG_WARN_OBJC_ROOT_CLASS = YES_ERROR;
				CLANG_WARN__DUPLICATE_METHOD_MATCH = YES;
				CODE_SIGN_IDENTITY = "iPhone Developer: Long Zhang (32KCY2D35S)";
				"CODE_SIGN_IDENTITY[sdk=iphoneos*]" = "iPhone Developer: Long Zhang (32KCY2D35S)";
				COPY_PHASE_STRIP = NO;
				GCC_C_LANGUAGE_STANDARD = gnu99;
				GCC_DYNAMIC_NO_PIC = NO;
				GCC_OPTIMIZATION_LEVEL = 0;
				GCC_PREPROCESSOR_DEFINITIONS = (
					"DEBUG=1",
					"$(inherited)",
				);
				GCC_SYMBOLS_PRIVATE_EXTERN = NO;
				GCC_WARN_64_TO_32_BIT_CONVERSION = YES;
				GCC_WARN_ABOUT_RETURN_TYPE = YES_ERROR;
				GCC_WARN_UNDECLARED_SELECTOR = YES;
				GCC_WARN_UNINITIALIZED_AUTOS = YES_AGGRESSIVE;
				GCC_WARN_UNUSED_FUNCTION = YES;
				GCC_WARN_UNUSED_VARIABLE = YES;
				IPHONEOS_DEPLOYMENT_TARGET = 6.1;
				ONLY_ACTIVE_ARCH = YES;
				PROVISIONING_PROFILE = "444C1586-EFA6-42AE-92AF-A7E68E4B3DFD";
				SDKROOT = iphoneos;
				TARGETED_DEVICE_FAMILY = "1,2";
			};
			name = Debug;
		};
		E85CD573190A3C69000F7447 /* Release */ = {
			isa = XCBuildConfiguration;
			buildSettings = {
				ALWAYS_SEARCH_USER_PATHS = NO;
				CLANG_CXX_LANGUAGE_STANDARD = "gnu++0x";
				CLANG_CXX_LIBRARY = "libc++";
				CLANG_ENABLE_MODULES = YES;
				CLANG_ENABLE_OBJC_ARC = YES;
				CLANG_WARN_BOOL_CONVERSION = YES;
				CLANG_WARN_CONSTANT_CONVERSION = YES;
				CLANG_WARN_DIRECT_OBJC_ISA_USAGE = YES_ERROR;
				CLANG_WARN_EMPTY_BODY = YES;
				CLANG_WARN_ENUM_CONVERSION = YES;
				CLANG_WARN_INT_CONVERSION = YES;
				CLANG_WARN_OBJC_ROOT_CLASS = YES_ERROR;
				CLANG_WARN__DUPLICATE_METHOD_MATCH = YES;
				CODE_SIGN_IDENTITY = "iPhone Developer: Long Zhang (32KCY2D35S)";
				"CODE_SIGN_IDENTITY[sdk=iphoneos*]" = "iPhone Developer: Long Zhang (32KCY2D35S)";
				COPY_PHASE_STRIP = YES;
				ENABLE_NS_ASSERTIONS = NO;
				GCC_C_LANGUAGE_STANDARD = gnu99;
				GCC_WARN_64_TO_32_BIT_CONVERSION = YES;
				GCC_WARN_ABOUT_RETURN_TYPE = YES_ERROR;
				GCC_WARN_UNDECLARED_SELECTOR = YES;
				GCC_WARN_UNINITIALIZED_AUTOS = YES_AGGRESSIVE;
				GCC_WARN_UNUSED_FUNCTION = YES;
				GCC_WARN_UNUSED_VARIABLE = YES;
				IPHONEOS_DEPLOYMENT_TARGET = 6.1;
				PROVISIONING_PROFILE = "444C1586-EFA6-42AE-92AF-A7E68E4B3DFD";
				SDKROOT = iphoneos;
				TARGETED_DEVICE_FAMILY = "1,2";
				VALIDATE_PRODUCT = YES;
			};
			name = Release;
		};
		E85CD575190A3C69000F7447 /* Debug */ = {
			isa = XCBuildConfiguration;
			buildSettings = {
				ASSETCATALOG_COMPILER_APPICON_NAME = AppIcon;
				ASSETCATALOG_COMPILER_LAUNCHIMAGE_NAME = LaunchImage;
				GCC_PRECOMPILE_PREFIX_HEADER = YES;
				GCC_PREFIX_HEADER = "NumberGame/NumberGame-Prefix.pch";
				INFOPLIST_FILE = "NumberGame/NumberGame-Info.plist";
				IPHONEOS_DEPLOYMENT_TARGET = 6.1;
				LIBRARY_SEARCH_PATHS = (
					"$(inherited)",
					"$(PROJECT_DIR)/NumberGame/GoogleAdMobAdsSdk",
				);
				OTHER_LDFLAGS = "-ObjC";
				PRODUCT_NAME = "$(TARGET_NAME)";
				TARGETED_DEVICE_FAMILY = 1;
				WRAPPER_EXTENSION = app;
			};
			name = Debug;
		};
		E85CD576190A3C69000F7447 /* Release */ = {
			isa = XCBuildConfiguration;
			buildSettings = {
				ASSETCATALOG_COMPILER_APPICON_NAME = AppIcon;
				ASSETCATALOG_COMPILER_LAUNCHIMAGE_NAME = LaunchImage;
				GCC_PRECOMPILE_PREFIX_HEADER = YES;
				GCC_PREFIX_HEADER = "NumberGame/NumberGame-Prefix.pch";
				INFOPLIST_FILE = "NumberGame/NumberGame-Info.plist";
				IPHONEOS_DEPLOYMENT_TARGET = 6.1;
				LIBRARY_SEARCH_PATHS = (
					"$(inherited)",
					"$(PROJECT_DIR)/NumberGame/GoogleAdMobAdsSdk",
				);
				OTHER_LDFLAGS = "-ObjC";
				PRODUCT_NAME = "$(TARGET_NAME)";
				TARGETED_DEVICE_FAMILY = 1;
				WRAPPER_EXTENSION = app;
			};
			name = Release;
		};
		E85CD578190A3C69000F7447 /* Debug */ = {
			isa = XCBuildConfiguration;
			buildSettings = {
				BUNDLE_LOADER = "$(BUILT_PRODUCTS_DIR)/NumberGame.app/NumberGame";
				FRAMEWORK_SEARCH_PATHS = (
					"$(SDKROOT)/Developer/Library/Frameworks",
					"$(inherited)",
					"$(DEVELOPER_FRAMEWORKS_DIR)",
				);
				GCC_PRECOMPILE_PREFIX_HEADER = YES;
				GCC_PREFIX_HEADER = "NumberGame/NumberGame-Prefix.pch";
				GCC_PREPROCESSOR_DEFINITIONS = (
					"DEBUG=1",
					"$(inherited)",
				);
				INFOPLIST_FILE = "NumberGameTests/NumberGameTests-Info.plist";
				PRODUCT_NAME = "$(TARGET_NAME)";
				TEST_HOST = "$(BUNDLE_LOADER)";
				WRAPPER_EXTENSION = xctest;
			};
			name = Debug;
		};
		E85CD579190A3C69000F7447 /* Release */ = {
			isa = XCBuildConfiguration;
			buildSettings = {
				BUNDLE_LOADER = "$(BUILT_PRODUCTS_DIR)/NumberGame.app/NumberGame";
				FRAMEWORK_SEARCH_PATHS = (
					"$(SDKROOT)/Developer/Library/Frameworks",
					"$(inherited)",
					"$(DEVELOPER_FRAMEWORKS_DIR)",
				);
				GCC_PRECOMPILE_PREFIX_HEADER = YES;
				GCC_PREFIX_HEADER = "NumberGame/NumberGame-Prefix.pch";
				INFOPLIST_FILE = "NumberGameTests/NumberGameTests-Info.plist";
				PRODUCT_NAME = "$(TARGET_NAME)";
				TEST_HOST = "$(BUNDLE_LOADER)";
				WRAPPER_EXTENSION = xctest;
			};
			name = Release;
		};
/* End XCBuildConfiguration section */

/* Begin XCConfigurationList section */
		E85CD53A190A3C69000F7447 /* Build configuration list for PBXProject "NumberGame" */ = {
			isa = XCConfigurationList;
			buildConfigurations = (
				E85CD572190A3C69000F7447 /* Debug */,
				E85CD573190A3C69000F7447 /* Release */,
			);
			defaultConfigurationIsVisible = 0;
			defaultConfigurationName = Release;
		};
		E85CD574190A3C69000F7447 /* Build configuration list for PBXNativeTarget "NumberGame" */ = {
			isa = XCConfigurationList;
			buildConfigurations = (
				E85CD575190A3C69000F7447 /* Debug */,
				E85CD576190A3C69000F7447 /* Release */,
			);
			defaultConfigurationIsVisible = 0;
			defaultConfigurationName = Release;
		};
		E85CD577190A3C69000F7447 /* Build configuration list for PBXNativeTarget "NumberGameTests" */ = {
			isa = XCConfigurationList;
			buildConfigurations = (
				E85CD578190A3C69000F7447 /* Debug */,
				E85CD579190A3C69000F7447 /* Release */,
			);
			defaultConfigurationIsVisible = 0;
			defaultConfigurationName = Release;
		};
/* End XCConfigurationList section */
	};
	rootObject = E85CD537190A3C69000F7447 /* Project object */;
}
